// !$*UTF8*$!
{
	archiveVersion = 1;
	classes = {
	};
	objectVersion = 56;
	objects = {

/* Begin PBXBuildFile section */
		F05B71102AC103FF00F1BD26 /* charspur Watch App.app in Embed Watch Content */ = {isa = PBXBuildFile; fileRef = F05B710F2AC103FF00F1BD26 /* charspur Watch App.app */; settings = {ATTRIBUTES = (RemoveHeadersOnCopy, ); }; };
		F05B71152AC103FF00F1BD26 /* charspurApp.swift in Sources */ = {isa = PBXBuildFile; fileRef = F05B71142AC103FF00F1BD26 /* charspurApp.swift */; };
		F05B71172AC103FF00F1BD26 /* ContentView.swift in Sources */ = {isa = PBXBuildFile; fileRef = F05B71162AC103FF00F1BD26 /* ContentView.swift */; };
		F05B71192AC1040400F1BD26 /* Assets.xcassets in Resources */ = {isa = PBXBuildFile; fileRef = F05B71182AC1040400F1BD26 /* Assets.xcassets */; };
		F05B711C2AC1040400F1BD26 /* Preview Assets.xcassets in Resources */ = {isa = PBXBuildFile; fileRef = F05B711B2AC1040400F1BD26 /* Preview Assets.xcassets */; };
		F05B71262AC1040400F1BD26 /* charspur_Watch_AppTests.swift in Sources */ = {isa = PBXBuildFile; fileRef = F05B71252AC1040400F1BD26 /* charspur_Watch_AppTests.swift */; };
		F05B71302AC1040400F1BD26 /* charspur_Watch_AppUITests.swift in Sources */ = {isa = PBXBuildFile; fileRef = F05B712F2AC1040400F1BD26 /* charspur_Watch_AppUITests.swift */; };
		F05B71322AC1040400F1BD26 /* charspur_Watch_AppUITestsLaunchTests.swift in Sources */ = {isa = PBXBuildFile; fileRef = F05B71312AC1040400F1BD26 /* charspur_Watch_AppUITestsLaunchTests.swift */; };
/* End PBXBuildFile section */

/* Begin PBXContainerItemProxy section */
		F05B71112AC103FF00F1BD26 /* PBXContainerItemProxy */ = {
			isa = PBXContainerItemProxy;
			containerPortal = F05B71032AC103FE00F1BD26 /* Project object */;
			proxyType = 1;
			remoteGlobalIDString = F05B710E2AC103FF00F1BD26;
			remoteInfo = "charspur Watch App";
		};
		F05B71222AC1040400F1BD26 /* PBXContainerItemProxy */ = {
			isa = PBXContainerItemProxy;
			containerPortal = F05B71032AC103FE00F1BD26 /* Project object */;
			proxyType = 1;
			remoteGlobalIDString = F05B710E2AC103FF00F1BD26;
			remoteInfo = "charspur Watch App";
		};
		F05B712C2AC1040400F1BD26 /* PBXContainerItemProxy */ = {
			isa = PBXContainerItemProxy;
			containerPortal = F05B71032AC103FE00F1BD26 /* Project object */;
			proxyType = 1;
			remoteGlobalIDString = F05B710E2AC103FF00F1BD26;
			remoteInfo = "charspur Watch App";
		};
/* End PBXContainerItemProxy section */

/* Begin PBXCopyFilesBuildPhase section */
		F05B71382AC1040400F1BD26 /* Embed Watch Content */ = {
			isa = PBXCopyFilesBuildPhase;
			buildActionMask = 2147483647;
			dstPath = "$(CONTENTS_FOLDER_PATH)/Watch";
			dstSubfolderSpec = 16;
			files = (
				F05B71102AC103FF00F1BD26 /* charspur Watch App.app in Embed Watch Content */,
			);
			name = "Embed Watch Content";
			runOnlyForDeploymentPostprocessing = 0;
		};
/* End PBXCopyFilesBuildPhase section */

/* Begin PBXFileReference section */
		F05B71092AC103FF00F1BD26 /* charspur.app */ = {isa = PBXFileReference; explicitFileType = wrapper.application; includeInIndex = 0; path = charspur.app; sourceTree = BUILT_PRODUCTS_DIR; };
		F05B710F2AC103FF00F1BD26 /* charspur Watch App.app */ = {isa = PBXFileReference; explicitFileType = wrapper.application; includeInIndex = 0; path = "charspur Watch App.app"; sourceTree = BUILT_PRODUCTS_DIR; };
		F05B71142AC103FF00F1BD26 /* charspurApp.swift */ = {isa = PBXFileReference; lastKnownFileType = sourcecode.swift; path = charspurApp.swift; sourceTree = "<group>"; };
		F05B71162AC103FF00F1BD26 /* ContentView.swift */ = {isa = PBXFileReference; lastKnownFileType = sourcecode.swift; path = ContentView.swift; sourceTree = "<group>"; };
		F05B71182AC1040400F1BD26 /* Assets.xcassets */ = {isa = PBXFileReference; lastKnownFileType = folder.assetcatalog; path = Assets.xcassets; sourceTree = "<group>"; };
		F05B711B2AC1040400F1BD26 /* Preview Assets.xcassets */ = {isa = PBXFileReference; lastKnownFileType = folder.assetcatalog; path = "Preview Assets.xcassets"; sourceTree = "<group>"; };
		F05B71212AC1040400F1BD26 /* charspur Watch AppTests.xctest */ = {isa = PBXFileReference; explicitFileType = wrapper.cfbundle; includeInIndex = 0; path = "charspur Watch AppTests.xctest"; sourceTree = BUILT_PRODUCTS_DIR; };
		F05B71252AC1040400F1BD26 /* charspur_Watch_AppTests.swift */ = {isa = PBXFileReference; lastKnownFileType = sourcecode.swift; path = charspur_Watch_AppTests.swift; sourceTree = "<group>"; };
		F05B712B2AC1040400F1BD26 /* charspur Watch AppUITests.xctest */ = {isa = PBXFileReference; explicitFileType = wrapper.cfbundle; includeInIndex = 0; path = "charspur Watch AppUITests.xctest"; sourceTree = BUILT_PRODUCTS_DIR; };
		F05B712F2AC1040400F1BD26 /* charspur_Watch_AppUITests.swift */ = {isa = PBXFileReference; lastKnownFileType = sourcecode.swift; path = charspur_Watch_AppUITests.swift; sourceTree = "<group>"; };
		F05B71312AC1040400F1BD26 /* charspur_Watch_AppUITestsLaunchTests.swift */ = {isa = PBXFileReference; lastKnownFileType = sourcecode.swift; path = charspur_Watch_AppUITestsLaunchTests.swift; sourceTree = "<group>"; };
/* End PBXFileReference section */

/* Begin PBXFrameworksBuildPhase section */
		F05B710C2AC103FF00F1BD26 /* Frameworks */ = {
			isa = PBXFrameworksBuildPhase;
			buildActionMask = 2147483647;
			files = (
			);
			runOnlyForDeploymentPostprocessing = 0;
		};
		F05B711E2AC1040400F1BD26 /* Frameworks */ = {
			isa = PBXFrameworksBuildPhase;
			buildActionMask = 2147483647;
			files = (
			);
			runOnlyForDeploymentPostprocessing = 0;
		};
		F05B71282AC1040400F1BD26 /* Frameworks */ = {
			isa = PBXFrameworksBuildPhase;
			buildActionMask = 2147483647;
			files = (
			);
			runOnlyForDeploymentPostprocessing = 0;
		};
/* End PBXFrameworksBuildPhase section */

/* Begin PBXGroup section */
		F05B71022AC103FE00F1BD26 = {
			isa = PBXGroup;
			children = (
				F05B71132AC103FF00F1BD26 /* charspur Watch App */,
				F05B71242AC1040400F1BD26 /* charspur Watch AppTests */,
				F05B712E2AC1040400F1BD26 /* charspur Watch AppUITests */,
				F05B710A2AC103FF00F1BD26 /* Products */,
			);
			sourceTree = "<group>";
		};
		F05B710A2AC103FF00F1BD26 /* Products */ = {
			isa = PBXGroup;
			children = (
				F05B71092AC103FF00F1BD26 /* charspur.app */,
				F05B710F2AC103FF00F1BD26 /* charspur Watch App.app */,
				F05B71212AC1040400F1BD26 /* charspur Watch AppTests.xctest */,
				F05B712B2AC1040400F1BD26 /* charspur Watch AppUITests.xctest */,
			);
			name = Products;
			sourceTree = "<group>";
		};
		F05B71132AC103FF00F1BD26 /* charspur Watch App */ = {
			isa = PBXGroup;
			children = (
				F05B71142AC103FF00F1BD26 /* charspurApp.swift */,
				F05B71162AC103FF00F1BD26 /* ContentView.swift */,
				F05B71182AC1040400F1BD26 /* Assets.xcassets */,
				F05B711A2AC1040400F1BD26 /* Preview Content */,
			);
			path = "charspur Watch App";
			sourceTree = "<group>";
		};
		F05B711A2AC1040400F1BD26 /* Preview Content */ = {
			isa = PBXGroup;
			children = (
				F05B711B2AC1040400F1BD26 /* Preview Assets.xcassets */,
			);
			path = "Preview Content";
			sourceTree = "<group>";
		};
		F05B71242AC1040400F1BD26 /* charspur Watch AppTests */ = {
			isa = PBXGroup;
			children = (
				F05B71252AC1040400F1BD26 /* charspur_Watch_AppTests.swift */,
			);
			path = "charspur Watch AppTests";
			sourceTree = "<group>";
		};
		F05B712E2AC1040400F1BD26 /* charspur Watch AppUITests */ = {
			isa = PBXGroup;
			children = (
				F05B712F2AC1040400F1BD26 /* charspur_Watch_AppUITests.swift */,
				F05B71312AC1040400F1BD26 /* charspur_Watch_AppUITestsLaunchTests.swift */,
			);
			path = "charspur Watch AppUITests";
			sourceTree = "<group>";
		};
/* End PBXGroup section */

/* Begin PBXNativeTarget section */
		F05B71082AC103FF00F1BD26 /* charspur */ = {
			isa = PBXNativeTarget;
			buildConfigurationList = F05B71392AC1040400F1BD26 /* Build configuration list for PBXNativeTarget "charspur" */;
			buildPhases = (
				F05B71072AC103FF00F1BD26 /* Resources */,
				F05B71382AC1040400F1BD26 /* Embed Watch Content */,
			);
			buildRules = (
			);
			dependencies = (
				F05B71122AC103FF00F1BD26 /* PBXTargetDependency */,
			);
			name = charspur;
			productName = charspur;
			productReference = F05B71092AC103FF00F1BD26 /* charspur.app */;
			productType = "com.apple.product-type.application.watchapp2-container";
		};
		F05B710E2AC103FF00F1BD26 /* charspur Watch App */ = {
			isa = PBXNativeTarget;
			buildConfigurationList = F05B71352AC1040400F1BD26 /* Build configuration list for PBXNativeTarget "charspur Watch App" */;
			buildPhases = (
				F05B710B2AC103FF00F1BD26 /* Sources */,
				F05B710C2AC103FF00F1BD26 /* Frameworks */,
				F05B710D2AC103FF00F1BD26 /* Resources */,
			);
			buildRules = (
			);
			dependencies = (
			);
			name = "charspur Watch App";
			productName = "charspur Watch App";
			productReference = F05B710F2AC103FF00F1BD26 /* charspur Watch App.app */;
			productType = "com.apple.product-type.application";
		};
		F05B71202AC1040400F1BD26 /* charspur Watch AppTests */ = {
			isa = PBXNativeTarget;
			buildConfigurationList = F05B713C2AC1040400F1BD26 /* Build configuration list for PBXNativeTarget "charspur Watch AppTests" */;
			buildPhases = (
				F05B711D2AC1040400F1BD26 /* Sources */,
				F05B711E2AC1040400F1BD26 /* Frameworks */,
				F05B711F2AC1040400F1BD26 /* Resources */,
			);
			buildRules = (
			);
			dependencies = (
				F05B71232AC1040400F1BD26 /* PBXTargetDependency */,
			);
			name = "charspur Watch AppTests";
			productName = "charspur Watch AppTests";
			productReference = F05B71212AC1040400F1BD26 /* charspur Watch AppTests.xctest */;
			productType = "com.apple.product-type.bundle.unit-test";
		};
		F05B712A2AC1040400F1BD26 /* charspur Watch AppUITests */ = {
			isa = PBXNativeTarget;
			buildConfigurationList = F05B713F2AC1040400F1BD26 /* Build configuration list for PBXNativeTarget "charspur Watch AppUITests" */;
			buildPhases = (
				F05B71272AC1040400F1BD26 /* Sources */,
				F05B71282AC1040400F1BD26 /* Frameworks */,
				F05B71292AC1040400F1BD26 /* Resources */,
			);
			buildRules = (
			);
			dependencies = (
				F05B712D2AC1040400F1BD26 /* PBXTargetDependency */,
			);
			name = "charspur Watch AppUITests";
			productName = "charspur Watch AppUITests";
			productReference = F05B712B2AC1040400F1BD26 /* charspur Watch AppUITests.xctest */;
			productType = "com.apple.product-type.bundle.ui-testing";
		};
/* End PBXNativeTarget section */

/* Begin PBXProject section */
		F05B71032AC103FE00F1BD26 /* Project object */ = {
			isa = PBXProject;
			attributes = {
				BuildIndependentTargetsInParallel = 1;
				LastSwiftUpdateCheck = 1430;
				LastUpgradeCheck = 1430;
				TargetAttributes = {
					F05B71082AC103FF00F1BD26 = {
						CreatedOnToolsVersion = 14.3.1;
					};
					F05B710E2AC103FF00F1BD26 = {
						CreatedOnToolsVersion = 14.3.1;
					};
					F05B71202AC1040400F1BD26 = {
						CreatedOnToolsVersion = 14.3.1;
						TestTargetID = F05B710E2AC103FF00F1BD26;
					};
					F05B712A2AC1040400F1BD26 = {
						CreatedOnToolsVersion = 14.3.1;
						TestTargetID = F05B710E2AC103FF00F1BD26;
					};
				};
			};
			buildConfigurationList = F05B71062AC103FE00F1BD26 /* Build configuration list for PBXProject "charspur" */;
			compatibilityVersion = "Xcode 14.0";
			developmentRegion = en;
			hasScannedForEncodings = 0;
			knownRegions = (
				en,
				Base,
			);
			mainGroup = F05B71022AC103FE00F1BD26;
			productRefGroup = F05B710A2AC103FF00F1BD26 /* Products */;
			projectDirPath = "";
			projectRoot = "";
			targets = (
				F05B71082AC103FF00F1BD26 /* charspur */,
				F05B710E2AC103FF00F1BD26 /* charspur Watch App */,
				F05B71202AC1040400F1BD26 /* charspur Watch AppTests */,
				F05B712A2AC1040400F1BD26 /* charspur Watch AppUITests */,
			);
		};
/* End PBXProject section */

/* Begin PBXResourcesBuildPhase section */
		F05B71072AC103FF00F1BD26 /* Resources */ = {
			isa = PBXResourcesBuildPhase;
			buildActionMask = 2147483647;
			files = (
			);
			runOnlyForDeploymentPostprocessing = 0;
		};
		F05B710D2AC103FF00F1BD26 /* Resources */ = {
			isa = PBXResourcesBuildPhase;
			buildActionMask = 2147483647;
			files = (
				F05B711C2AC1040400F1BD26 /* Preview Assets.xcassets in Resources */,
				F05B71192AC1040400F1BD26 /* Assets.xcassets in Resources */,
			);
			runOnlyForDeploymentPostprocessing = 0;
		};
		F05B711F2AC1040400F1BD26 /* Resources */ = {
			isa = PBXResourcesBuildPhase;
			buildActionMask = 2147483647;
			files = (
			);
			runOnlyForDeploymentPostprocessing = 0;
		};
		F05B71292AC1040400F1BD26 /* Resources */ = {
			isa = PBXResourcesBuildPhase;
			buildActionMask = 2147483647;
			files = (
			);
			runOnlyForDeploymentPostprocessing = 0;
		};
/* End PBXResourcesBuildPhase section */

/* Begin PBXSourcesBuildPhase section */
		F05B710B2AC103FF00F1BD26 /* Sources */ = {
			isa = PBXSourcesBuildPhase;
			buildActionMask = 2147483647;
			files = (
				F05B71172AC103FF00F1BD26 /* ContentView.swift in Sources */,
				F05B71152AC103FF00F1BD26 /* charspurApp.swift in Sources */,
			);
			runOnlyForDeploymentPostprocessing = 0;
		};
		F05B711D2AC1040400F1BD26 /* Sources */ = {
			isa = PBXSourcesBuildPhase;
			buildActionMask = 2147483647;
			files = (
				F05B71262AC1040400F1BD26 /* charspur_Watch_AppTests.swift in Sources */,
			);
			runOnlyForDeploymentPostprocessing = 0;
		};
		F05B71272AC1040400F1BD26 /* Sources */ = {
			isa = PBXSourcesBuildPhase;
			buildActionMask = 2147483647;
			files = (
				F05B71322AC1040400F1BD26 /* charspur_Watch_AppUITestsLaunchTests.swift in Sources */,
				F05B71302AC1040400F1BD26 /* charspur_Watch_AppUITests.swift in Sources */,
			);
			runOnlyForDeploymentPostprocessing = 0;
		};
/* End PBXSourcesBuildPhase section */

/* Begin PBXTargetDependency section */
		F05B71122AC103FF00F1BD26 /* PBXTargetDependency */ = {
			isa = PBXTargetDependency;
			target = F05B710E2AC103FF00F1BD26 /* charspur Watch App */;
			targetProxy = F05B71112AC103FF00F1BD26 /* PBXContainerItemProxy */;
		};
		F05B71232AC1040400F1BD26 /* PBXTargetDependency */ = {
			isa = PBXTargetDependency;
			target = F05B710E2AC103FF00F1BD26 /* charspur Watch App */;
			targetProxy = F05B71222AC1040400F1BD26 /* PBXContainerItemProxy */;
		};
		F05B712D2AC1040400F1BD26 /* PBXTargetDependency */ = {
			isa = PBXTargetDependency;
			target = F05B710E2AC103FF00F1BD26 /* charspur Watch App */;
			targetProxy = F05B712C2AC1040400F1BD26 /* PBXContainerItemProxy */;
		};
/* End PBXTargetDependency section */

/* Begin XCBuildConfiguration section */
		F05B71332AC1040400F1BD26 /* Debug */ = {
			isa = XCBuildConfiguration;
			buildSettings = {
				ALWAYS_SEARCH_USER_PATHS = NO;
				CLANG_ANALYZER_NONNULL = YES;
				CLANG_ANALYZER_NUMBER_OBJECT_CONVERSION = YES_AGGRESSIVE;
				CLANG_CXX_LANGUAGE_STANDARD = "gnu++20";
				CLANG_ENABLE_MODULES = YES;
				CLANG_ENABLE_OBJC_ARC = YES;
				CLANG_ENABLE_OBJC_WEAK = YES;
				CLANG_WARN_BLOCK_CAPTURE_AUTORELEASING = YES;
				CLANG_WARN_BOOL_CONVERSION = YES;
				CLANG_WARN_COMMA = YES;
				CLANG_WARN_CONSTANT_CONVERSION = YES;
				CLANG_WARN_DEPRECATED_OBJC_IMPLEMENTATIONS = YES;
				CLANG_WARN_DIRECT_OBJC_ISA_USAGE = YES_ERROR;
				CLANG_WARN_DOCUMENTATION_COMMENTS = YES;
				CLANG_WARN_EMPTY_BODY = YES;
				CLANG_WARN_ENUM_CONVERSION = YES;
				CLANG_WARN_INFINITE_RECURSION = YES;
				CLANG_WARN_INT_CONVERSION = YES;
				CLANG_WARN_NON_LITERAL_NULL_CONVERSION = YES;
				CLANG_WARN_OBJC_IMPLICIT_RETAIN_SELF = YES;
				CLANG_WARN_OBJC_LITERAL_CONVERSION = YES;
				CLANG_WARN_OBJC_ROOT_CLASS = YES_ERROR;
				CLANG_WARN_QUOTED_INCLUDE_IN_FRAMEWORK_HEADER = YES;
				CLANG_WARN_RANGE_LOOP_ANALYSIS = YES;
				CLANG_WARN_STRICT_PROTOTYPES = YES;
				CLANG_WARN_SUSPICIOUS_MOVE = YES;
				CLANG_WARN_UNGUARDED_AVAILABILITY = YES_AGGRESSIVE;
				CLANG_WARN_UNREACHABLE_CODE = YES;
				CLANG_WARN__DUPLICATE_METHOD_MATCH = YES;
				COPY_PHASE_STRIP = NO;
				DEBUG_INFORMATION_FORMAT = dwarf;
				ENABLE_STRICT_OBJC_MSGSEND = YES;
				ENABLE_TESTABILITY = YES;
				GCC_C_LANGUAGE_STANDARD = gnu11;
				GCC_DYNAMIC_NO_PIC = NO;
				GCC_NO_COMMON_BLOCKS = YES;
				GCC_OPTIMIZATION_LEVEL = 0;
				GCC_PREPROCESSOR_DEFINITIONS = (
					"DEBUG=1",
					"$(inherited)",
				);
				GCC_WARN_64_TO_32_BIT_CONVERSION = YES;
				GCC_WARN_ABOUT_RETURN_TYPE = YES_ERROR;
				GCC_WARN_UNDECLARED_SELECTOR = YES;
				GCC_WARN_UNINITIALIZED_AUTOS = YES_AGGRESSIVE;
				GCC_WARN_UNUSED_FUNCTION = YES;
				GCC_WARN_UNUSED_VARIABLE = YES;
				MTL_ENABLE_DEBUG_INFO = INCLUDE_SOURCE;
				MTL_FAST_MATH = YES;
				ONLY_ACTIVE_ARCH = YES;
				SWIFT_ACTIVE_COMPILATION_CONDITIONS = DEBUG;
				SWIFT_OPTIMIZATION_LEVEL = "-Onone";
			};
			name = Debug;
		};
		F05B71342AC1040400F1BD26 /* Release */ = {
			isa = XCBuildConfiguration;
			buildSettings = {
				ALWAYS_SEARCH_USER_PATHS = NO;
				CLANG_ANALYZER_NONNULL = YES;
				CLANG_ANALYZER_NUMBER_OBJECT_CONVERSION = YES_AGGRESSIVE;
				CLANG_CXX_LANGUAGE_STANDARD = "gnu++20";
				CLANG_ENABLE_MODULES = YES;
				CLANG_ENABLE_OBJC_ARC = YES;
				CLANG_ENABLE_OBJC_WEAK = YES;
				CLANG_WARN_BLOCK_CAPTURE_AUTORELEASING = YES;
				CLANG_WARN_BOOL_CONVERSION = YES;
				CLANG_WARN_COMMA = YES;
				CLANG_WARN_CONSTANT_CONVERSION = YES;
				CLANG_WARN_DEPRECATED_OBJC_IMPLEMENTATIONS = YES;
				CLANG_WARN_DIRECT_OBJC_ISA_USAGE = YES_ERROR;
				CLANG_WARN_DOCUMENTATION_COMMENTS = YES;
				CLANG_WARN_EMPTY_BODY = YES;
				CLANG_WARN_ENUM_CONVERSION = YES;
				CLANG_WARN_INFINITE_RECURSION = YES;
				CLANG_WARN_INT_CONVERSION = YES;
				CLANG_WARN_NON_LITERAL_NULL_CONVERSION = YES;
				CLANG_WARN_OBJC_IMPLICIT_RETAIN_SELF = YES;
				CLANG_WARN_OBJC_LITERAL_CONVERSION = YES;
				CLANG_WARN_OBJC_ROOT_CLASS = YES_ERROR;
				CLANG_WARN_QUOTED_INCLUDE_IN_FRAMEWORK_HEADER = YES;
				CLANG_WARN_RANGE_LOOP_ANALYSIS = YES;
				CLANG_WARN_STRICT_PROTOTYPES = YES;
				CLANG_WARN_SUSPICIOUS_MOVE = YES;
				CLANG_WARN_UNGUARDED_AVAILABILITY = YES_AGGRESSIVE;
				CLANG_WARN_UNREACHABLE_CODE = YES;
				CLANG_WARN__DUPLICATE_METHOD_MATCH = YES;
				COPY_PHASE_STRIP = NO;
				DEBUG_INFORMATION_FORMAT = "dwarf-with-dsym";
				ENABLE_NS_ASSERTIONS = NO;
				ENABLE_STRICT_OBJC_MSGSEND = YES;
				GCC_C_LANGUAGE_STANDARD = gnu11;
				GCC_NO_COMMON_BLOCKS = YES;
				GCC_WARN_64_TO_32_BIT_CONVERSION = YES;
				GCC_WARN_ABOUT_RETURN_TYPE = YES_ERROR;
				GCC_WARN_UNDECLARED_SELECTOR = YES;
				GCC_WARN_UNINITIALIZED_AUTOS = YES_AGGRESSIVE;
				GCC_WARN_UNUSED_FUNCTION = YES;
				GCC_WARN_UNUSED_VARIABLE = YES;
				MTL_ENABLE_DEBUG_INFO = NO;
				MTL_FAST_MATH = YES;
				SWIFT_COMPILATION_MODE = wholemodule;
				SWIFT_OPTIMIZATION_LEVEL = "-O";
			};
			name = Release;
		};
		F05B71362AC1040400F1BD26 /* Debug */ = {
			isa = XCBuildConfiguration;
			buildSettings = {
				ASSETCATALOG_COMPILER_APPICON_NAME = AppIcon;
				ASSETCATALOG_COMPILER_GLOBAL_ACCENT_COLOR_NAME = AccentColor;
				CODE_SIGN_STYLE = Automatic;
				CURRENT_PROJECT_VERSION = 1;
				DEVELOPMENT_ASSET_PATHS = "\"charspur Watch App/Preview Content\"";
				ENABLE_PREVIEWS = YES;
				GENERATE_INFOPLIST_FILE = YES;
				INFOPLIST_KEY_CFBundleDisplayName = charspur;
				INFOPLIST_KEY_UISupportedInterfaceOrientations = "UIInterfaceOrientationPortrait UIInterfaceOrientationPortraitUpsideDown";
				INFOPLIST_KEY_WKWatchOnly = YES;
				LD_RUNPATH_SEARCH_PATHS = (
					"$(inherited)",
					"@executable_path/Frameworks",
				);
				MARKETING_VERSION = 1.0;
				PRODUCT_BUNDLE_IDENTIFIER = me.charspur.watchkitapp;
				PRODUCT_NAME = "$(TARGET_NAME)";
				SDKROOT = watchos;
				SKIP_INSTALL = YES;
				SWIFT_EMIT_LOC_STRINGS = YES;
				SWIFT_VERSION = 5.0;
				TARGETED_DEVICE_FAMILY = 4;
				WATCHOS_DEPLOYMENT_TARGET = 9.4;
			};
			name = Debug;
		};
		F05B71372AC1040400F1BD26 /* Release */ = {
			isa = XCBuildConfiguration;
			buildSettings = {
				ASSETCATALOG_COMPILER_APPICON_NAME = AppIcon;
				ASSETCATALOG_COMPILER_GLOBAL_ACCENT_COLOR_NAME = AccentColor;
				CODE_SIGN_STYLE = Automatic;
				CURRENT_PROJECT_VERSION = 1;
				DEVELOPMENT_ASSET_PATHS = "\"charspur Watch App/Preview Content\"";
				ENABLE_PREVIEWS = YES;
				GENERATE_INFOPLIST_FILE = YES;
				INFOPLIST_KEY_CFBundleDisplayName = charspur;
				INFOPLIST_KEY_UISupportedInterfaceOrientations = "UIInterfaceOrientationPortrait UIInterfaceOrientationPortraitUpsideDown";
				INFOPLIST_KEY_WKWatchOnly = YES;
				LD_RUNPATH_SEARCH_PATHS = (
					"$(inherited)",
					"@executable_path/Frameworks",
				);
				MARKETING_VERSION = 1.0;
				PRODUCT_BUNDLE_IDENTIFIER = me.charspur.watchkitapp;
				PRODUCT_NAME = "$(TARGET_NAME)";
				SDKROOT = watchos;
				SKIP_INSTALL = YES;
				SWIFT_EMIT_LOC_STRINGS = YES;
				SWIFT_VERSION = 5.0;
				TARGETED_DEVICE_FAMILY = 4;
				VALIDATE_PRODUCT = YES;
				WATCHOS_DEPLOYMENT_TARGET = 9.4;
			};
			name = Release;
		};
		F05B713A2AC1040400F1BD26 /* Debug */ = {
			isa = XCBuildConfiguration;
			buildSettings = {
				ALWAYS_EMBED_SWIFT_STANDARD_LIBRARIES = YES;
				CODE_SIGN_STYLE = Automatic;
				CURRENT_PROJECT_VERSION = 1;
				INFOPLIST_KEY_CFBundleDisplayName = charspur;
				MARKETING_VERSION = 1.0;
				PRODUCT_BUNDLE_IDENTIFIER = me.charspur;
				PRODUCT_NAME = "$(TARGET_NAME)";
				SDKROOT = iphoneos;
				SWIFT_VERSION = 5.0;
			};
			name = Debug;
		};
		F05B713B2AC1040400F1BD26 /* Release */ = {
			isa = XCBuildConfiguration;
			buildSettings = {
				ALWAYS_EMBED_SWIFT_STANDARD_LIBRARIES = YES;
				CODE_SIGN_STYLE = Automatic;
				CURRENT_PROJECT_VERSION = 1;
				INFOPLIST_KEY_CFBundleDisplayName = charspur;
				MARKETING_VERSION = 1.0;
				PRODUCT_BUNDLE_IDENTIFIER = me.charspur;
				PRODUCT_NAME = "$(TARGET_NAME)";
				SDKROOT = iphoneos;
				SWIFT_VERSION = 5.0;
				VALIDATE_PRODUCT = YES;
			};
			name = Release;
		};
		F05B713D2AC1040400F1BD26 /* Debug */ = {
			isa = XCBuildConfiguration;
			buildSettings = {
				ALWAYS_EMBED_SWIFT_STANDARD_LIBRARIES = YES;
				BUNDLE_LOADER = "$(TEST_HOST)";
				CODE_SIGN_STYLE = Automatic;
				CURRENT_PROJECT_VERSION = 1;
				GENERATE_INFOPLIST_FILE = YES;
				MARKETING_VERSION = 1.0;
				PRODUCT_BUNDLE_IDENTIFIER = "me.charspur-Watch-AppTests";
				PRODUCT_NAME = "$(TARGET_NAME)";
				SDKROOT = watchos;
				SWIFT_EMIT_LOC_STRINGS = NO;
				SWIFT_VERSION = 5.0;
				TARGETED_DEVICE_FAMILY = 4;
				TEST_HOST = "$(BUILT_PRODUCTS_DIR)/charspur Watch App.app/$(BUNDLE_EXECUTABLE_FOLDER_PATH)/charspur Watch App";
				WATCHOS_DEPLOYMENT_TARGET = 9.4;
			};
			name = Debug;
		};
		F05B713E2AC1040400F1BD26 /* Release */ = {
			isa = XCBuildConfiguration;
			buildSettings = {
				ALWAYS_EMBED_SWIFT_STANDARD_LIBRARIES = YES;
				BUNDLE_LOADER = "$(TEST_HOST)";
				CODE_SIGN_STYLE = Automatic;
				CURRENT_PROJECT_VERSION = 1;
				GENERATE_INFOPLIST_FILE = YES;
				MARKETING_VERSION = 1.0;
				PRODUCT_BUNDLE_IDENTIFIER = "me.charspur-Watch-AppTests";
				PRODUCT_NAME = "$(TARGET_NAME)";
				SDKROOT = watchos;
				SWIFT_EMIT_LOC_STRINGS = NO;
				SWIFT_VERSION = 5.0;
				TARGETED_DEVICE_FAMILY = 4;
				TEST_HOST = "$(BUILT_PRODUCTS_DIR)/charspur Watch App.app/$(BUNDLE_EXECUTABLE_FOLDER_PATH)/charspur Watch App";
				VALIDATE_PRODUCT = YES;
				WATCHOS_DEPLOYMENT_TARGET = 9.4;
			};
			name = Release;
		};
		F05B71402AC1040400F1BD26 /* Debug */ = {
			isa = XCBuildConfiguration;
			buildSettings = {
				ALWAYS_EMBED_SWIFT_STANDARD_LIBRARIES = YES;
				CODE_SIGN_STYLE = Automatic;
				CURRENT_PROJECT_VERSION = 1;
				GENERATE_INFOPLIST_FILE = YES;
				MARKETING_VERSION = 1.0;
				PRODUCT_BUNDLE_IDENTIFIER = "me.charspur-Watch-AppUITests";
				PRODUCT_NAME = "$(TARGET_NAME)";
				SDKROOT = watchos;
				SWIFT_EMIT_LOC_STRINGS = NO;
				SWIFT_VERSION = 5.0;
				TARGETED_DEVICE_FAMILY = 4;
				TEST_TARGET_NAME = "charspur Watch App";
				WATCHOS_DEPLOYMENT_TARGET = 9.4;
			};
			name = Debug;
		};
		F05B71412AC1040400F1BD26 /* Release */ = {
			isa = XCBuildConfiguration;
			buildSettings = {
				ALWAYS_EMBED_SWIFT_STANDARD_LIBRARIES = YES;
				CODE_SIGN_STYLE = Automatic;
				CURRENT_PROJECT_VERSION = 1;
				GENERATE_INFOPLIST_FILE = YES;
				MARKETING_VERSION = 1.0;
				PRODUCT_BUNDLE_IDENTIFIER = "me.charspur-Watch-AppUITests";
				PRODUCT_NAME = "$(TARGET_NAME)";
				SDKROOT = watchos;
				SWIFT_EMIT_LOC_STRINGS = NO;
				SWIFT_VERSION = 5.0;
				TARGETED_DEVICE_FAMILY = 4;
				TEST_TARGET_NAME = "charspur Watch App";
				VALIDATE_PRODUCT = YES;
				WATCHOS_DEPLOYMENT_TARGET = 9.4;
			};
			name = Release;
		};
/* End XCBuildConfiguration section */

/* Begin XCConfigurationList section */
		F05B71062AC103FE00F1BD26 /* Build configuration list for PBXProject "charspur" */ = {
			isa = XCConfigurationList;
			buildConfigurations = (
				F05B71332AC1040400F1BD26 /* Debug */,
				F05B71342AC1040400F1BD26 /* Release */,
			);
			defaultConfigurationIsVisible = 0;
			defaultConfigurationName = Release;
		};
		F05B71352AC1040400F1BD26 /* Build configuration list for PBXNativeTarget "charspur Watch App" */ = {
			isa = XCConfigurationList;
			buildConfigurations = (
				F05B71362AC1040400F1BD26 /* Debug */,
				F05B71372AC1040400F1BD26 /* Release */,
			);
			defaultConfigurationIsVisible = 0;
			defaultConfigurationName = Release;
		};
		F05B71392AC1040400F1BD26 /* Build configuration list for PBXNativeTarget "charspur" */ = {
			isa = XCConfigurationList;
			buildConfigurations = (
				F05B713A2AC1040400F1BD26 /* Debug */,
				F05B713B2AC1040400F1BD26 /* Release */,
			);
			defaultConfigurationIsVisible = 0;
			defaultConfigurationName = Release;
		};
		F05B713C2AC1040400F1BD26 /* Build configuration list for PBXNativeTarget "charspur Watch AppTests" */ = {
			isa = XCConfigurationList;
			buildConfigurations = (
				F05B713D2AC1040400F1BD26 /* Debug */,
				F05B713E2AC1040400F1BD26 /* Release */,
			);
			defaultConfigurationIsVisible = 0;
			defaultConfigurationName = Release;
		};
		F05B713F2AC1040400F1BD26 /* Build configuration list for PBXNativeTarget "charspur Watch AppUITests" */ = {
			isa = XCConfigurationList;
			buildConfigurations = (
				F05B71402AC1040400F1BD26 /* Debug */,
				F05B71412AC1040400F1BD26 /* Release */,
			);
			defaultConfigurationIsVisible = 0;
			defaultConfigurationName = Release;
		};
/* End XCConfigurationList section */
	};
	rootObject = F05B71032AC103FE00F1BD26 /* Project object */;
}
